
Microsoft Visual Studio Solution File, Format Version 12.00
# Visual Studio Version 16
VisualStudioVersion = 16.0.30128.74
MinimumVisualStudioVersion = 10.0.40219.1
Project("{FAE04EC0-301F-11D3-BF4B-00C04F79EFBC}") = "TrainzInfo_client", "TrainzInfo_client\TrainzInfo_client.csproj", "{0B92E73F-8805-44F1-9096-4B3559D2BA5D}"
EndProject
Global
	GlobalSection(SolutionConfigurationPlatforms) = preSolution
		Debug|Any CPU = Debug|Any CPU
		Release|Any CPU = Release|Any CPU
	EndGlobalSection
	GlobalSection(ProjectConfigurationPlatforms) = postSolution
		{0B92E73F-8805-44F1-9096-4B3559D2BA5D}.Debug|Any CPU.ActiveCfg = Debug|Any CPU
		{0B92E73F-8805-44F1-9096-4B3559D2BA5D}.Debug|Any CPU.Build.0 = Debug|Any CPU
		{0B92E73F-8805-44F1-9096-4B3559D2BA5D}.Release|Any CPU.ActiveCfg = Release|Any CPU
		{0B92E73F-8805-44F1-9096-4B3559D2BA5D}.Release|Any CPU.Build.0 = Release|Any CPU
	EndGlobalSection
	GlobalSection(SolutionProperties) = preSolution
		HideSolutionNode = FALSE
	EndGlobalSection
	GlobalSection(ExtensibilityGlobals) = postSolution
		SolutionGuid = {E1DA6C7F-74C5-446E-90A5-5F9B85AEB2BC}
	EndGlobalSection
EndGlobal
