
Microsoft Visual Studio Solution File, Format Version 12.00
# Visual Studio Version 16
VisualStudioVersion = 16.0.30128.74
MinimumVisualStudioVersion = 10.0.40219.1
Project("{FAE04EC0-301F-11D3-BF4B-00C04F79EFBC}") = "TrainzInfo_client", "TrainzInfo_client\TrainzInfo_client.csproj", "{0B92E73F-8805-44F1-9096-4B3559D2BA5D}"
EndProject
Project("{54435603-DBB4-11D2-8724-00A0C9A8B90C}") = "TrainzInfoSetup", "TrainzInfoSetup\TrainzInfoSetup.vdproj", "{B42E4D0D-D578-4781-8AB3-80CA7972C11A}"
EndProject
Global
	GlobalSection(SolutionConfigurationPlatforms) = preSolution
		All|Any CPU = All|Any CPU
		Debug|Any CPU = Debug|Any CPU
		Release|Any CPU = Release|Any CPU
	EndGlobalSection
	GlobalSection(ProjectConfigurationPlatforms) = postSolution
		{0B92E73F-8805-44F1-9096-4B3559D2BA5D}.All|Any CPU.ActiveCfg = Release|Any CPU
		{0B92E73F-8805-44F1-9096-4B3559D2BA5D}.All|Any CPU.Build.0 = Release|Any CPU
		{0B92E73F-8805-44F1-9096-4B3559D2BA5D}.Debug|Any CPU.ActiveCfg = Debug|Any CPU
		{0B92E73F-8805-44F1-9096-4B3559D2BA5D}.Debug|Any CPU.Build.0 = Debug|Any CPU
		{0B92E73F-8805-44F1-9096-4B3559D2BA5D}.Release|Any CPU.ActiveCfg = Release|Any CPU
		{0B92E73F-8805-44F1-9096-4B3559D2BA5D}.Release|Any CPU.Build.0 = Release|Any CPU
		{B42E4D0D-D578-4781-8AB3-80CA7972C11A}.All|Any CPU.ActiveCfg = Release
		{B42E4D0D-D578-4781-8AB3-80CA7972C11A}.Debug|Any CPU.ActiveCfg = Debug
		{B42E4D0D-D578-4781-8AB3-80CA7972C11A}.Release|Any CPU.ActiveCfg = Release
	EndGlobalSection
	GlobalSection(SolutionProperties) = preSolution
		HideSolutionNode = FALSE
	EndGlobalSection
	GlobalSection(ExtensibilityGlobals) = postSolution
		SolutionGuid = {E1DA6C7F-74C5-446E-90A5-5F9B85AEB2BC}
	EndGlobalSection
EndGlobal
